
Microsoft Visual Studio Solution File, Format Version 12.00
# Visual Studio Version 16
VisualStudioVersion = 16.0.31410.357
MinimumVisualStudioVersion = 10.0.40219.1
Project("{FAE04EC0-301F-11D3-BF4B-00C04F79EFBC}") = "Практика 2", "Практика 2\Практика 2.csproj", "{C3C24205-9BEF-488E-A482-B5394A9731C8}"
EndProject
Project("{FAE04EC0-301F-11D3-BF4B-00C04F79EFBC}") = "LibMas", "LibMas\LibMas.csproj", "{A27C3EED-BB1B-4ADB-A9D5-2F17B4D48723}"
EndProject
Project("{FAE04EC0-301F-11D3-BF4B-00C04F79EFBC}") = "Lib_3", "Lib_3\Lib_3.csproj", "{AF55FB9C-8206-43A0-A893-A4FCFF849A64}"
EndProject
Global
	GlobalSection(SolutionConfigurationPlatforms) = preSolution
		Debug|Any CPU = Debug|Any CPU
		Release|Any CPU = Release|Any CPU
	EndGlobalSection
	GlobalSection(ProjectConfigurationPlatforms) = postSolution
		{C3C24205-9BEF-488E-A482-B5394A9731C8}.Debug|Any CPU.ActiveCfg = Debug|Any CPU
		{C3C24205-9BEF-488E-A482-B5394A9731C8}.Debug|Any CPU.Build.0 = Debug|Any CPU
		{C3C24205-9BEF-488E-A482-B5394A9731C8}.Release|Any CPU.ActiveCfg = Release|Any CPU
		{C3C24205-9BEF-488E-A482-B5394A9731C8}.Release|Any CPU.Build.0 = Release|Any CPU
		{A27C3EED-BB1B-4ADB-A9D5-2F17B4D48723}.Debug|Any CPU.ActiveCfg = Debug|Any CPU
		{A27C3EED-BB1B-4ADB-A9D5-2F17B4D48723}.Debug|Any CPU.Build.0 = Debug|Any CPU
		{A27C3EED-BB1B-4ADB-A9D5-2F17B4D48723}.Release|Any CPU.ActiveCfg = Release|Any CPU
		{A27C3EED-BB1B-4ADB-A9D5-2F17B4D48723}.Release|Any CPU.Build.0 = Release|Any CPU
		{AF55FB9C-8206-43A0-A893-A4FCFF849A64}.Debug|Any CPU.ActiveCfg = Debug|Any CPU
		{AF55FB9C-8206-43A0-A893-A4FCFF849A64}.Debug|Any CPU.Build.0 = Debug|Any CPU
		{AF55FB9C-8206-43A0-A893-A4FCFF849A64}.Release|Any CPU.ActiveCfg = Release|Any CPU
		{AF55FB9C-8206-43A0-A893-A4FCFF849A64}.Release|Any CPU.Build.0 = Release|Any CPU
	EndGlobalSection
	GlobalSection(SolutionProperties) = preSolution
		HideSolutionNode = FALSE
	EndGlobalSection
	GlobalSection(ExtensibilityGlobals) = postSolution
		SolutionGuid = {F47CC163-908A-4FC5-973F-C56020C75860}
	EndGlobalSection
EndGlobal
